// !$*UTF8*$!
{
	archiveVersion = 1;
	classes = {
	};
	objectVersion = 56;
	objects = {

/* Begin PBXBuildFile section */
		15006E7B2C1D57070028075E /* main.swift in Sources */ = {isa = PBXBuildFile; fileRef = 15006E7A2C1D57070028075E /* main.swift */; };
		150E80142C1EBD2D00B815DC /* ListNode.swift in Sources */ = {isa = PBXBuildFile; fileRef = 150E80132C1EBD2D00B815DC /* ListNode.swift */; };
		152669512C1FB9ED00942D93 /* ClimbingStairs.swift in Sources */ = {isa = PBXBuildFile; fileRef = 152669502C1FB9ED00942D93 /* ClimbingStairs.swift */; };
		152669542C1FC0D600942D93 /* ReserveLinkedList.swift in Sources */ = {isa = PBXBuildFile; fileRef = 152669532C1FC0D600942D93 /* ReserveLinkedList.swift */; };
		156834952C1EDE4300F0186A /* SumOfTwoIntegers.swift in Sources */ = {isa = PBXBuildFile; fileRef = 156834942C1EDE4300F0186A /* SumOfTwoIntegers.swift */; };
		158184CC2C1D57D500EF378D /* SplitArrayLargestSum.swift in Sources */ = {isa = PBXBuildFile; fileRef = 158184CB2C1D57D500EF378D /* SplitArrayLargestSum.swift */; };
		158184CF2C1D7D6B00EF378D /* StringToIntegerAtoI.swift in Sources */ = {isa = PBXBuildFile; fileRef = 158184CE2C1D7D6B00EF378D /* StringToIntegerAtoI.swift */; };
		15FD268E2C1EAE2A00AAC39D /* MergeKSortedLists.swift in Sources */ = {isa = PBXBuildFile; fileRef = 15FD268D2C1EAE2A00AAC39D /* MergeKSortedLists.swift */; };
/* End PBXBuildFile section */

/* Begin PBXCopyFilesBuildPhase section */
		15006E752C1D57070028075E /* CopyFiles */ = {
			isa = PBXCopyFilesBuildPhase;
			buildActionMask = 2147483647;
			dstPath = /usr/share/man/man1/;
			dstSubfolderSpec = 0;
			files = (
			);
			runOnlyForDeploymentPostprocessing = 1;
		};
/* End PBXCopyFilesBuildPhase section */

/* Begin PBXFileReference section */
		15006E772C1D57070028075E /* XCodePracticeSwift */ = {isa = PBXFileReference; explicitFileType = "compiled.mach-o.executable"; includeInIndex = 0; path = XCodePracticeSwift; sourceTree = BUILT_PRODUCTS_DIR; };
		15006E7A2C1D57070028075E /* main.swift */ = {isa = PBXFileReference; lastKnownFileType = sourcecode.swift; path = main.swift; sourceTree = "<group>"; };
		150E80132C1EBD2D00B815DC /* ListNode.swift */ = {isa = PBXFileReference; lastKnownFileType = sourcecode.swift; path = ListNode.swift; sourceTree = "<group>"; };
		152669502C1FB9ED00942D93 /* ClimbingStairs.swift */ = {isa = PBXFileReference; lastKnownFileType = sourcecode.swift; path = ClimbingStairs.swift; sourceTree = "<group>"; };
		152669532C1FC0D600942D93 /* ReserveLinkedList.swift */ = {isa = PBXFileReference; lastKnownFileType = sourcecode.swift; path = ReserveLinkedList.swift; sourceTree = "<group>"; };
		156834942C1EDE4300F0186A /* SumOfTwoIntegers.swift */ = {isa = PBXFileReference; lastKnownFileType = sourcecode.swift; path = SumOfTwoIntegers.swift; sourceTree = "<group>"; };
		158184C82C1D574700EF378D /* README.md */ = {isa = PBXFileReference; lastKnownFileType = net.daringfireball.markdown; path = README.md; sourceTree = "<group>"; };
		158184CB2C1D57D500EF378D /* SplitArrayLargestSum.swift */ = {isa = PBXFileReference; lastKnownFileType = sourcecode.swift; path = SplitArrayLargestSum.swift; sourceTree = "<group>"; };
		158184CE2C1D7D6B00EF378D /* StringToIntegerAtoI.swift */ = {isa = PBXFileReference; lastKnownFileType = sourcecode.swift; path = StringToIntegerAtoI.swift; sourceTree = "<group>"; };
		15FD268D2C1EAE2A00AAC39D /* MergeKSortedLists.swift */ = {isa = PBXFileReference; lastKnownFileType = sourcecode.swift; path = MergeKSortedLists.swift; sourceTree = "<group>"; };
/* End PBXFileReference section */

/* Begin PBXFrameworksBuildPhase section */
		15006E742C1D57070028075E /* Frameworks */ = {
			isa = PBXFrameworksBuildPhase;
			buildActionMask = 2147483647;
			files = (
			);
			runOnlyForDeploymentPostprocessing = 0;
		};
/* End PBXFrameworksBuildPhase section */

/* Begin PBXGroup section */
		15006E6E2C1D57070028075E = {
			isa = PBXGroup;
			children = (
				158184C82C1D574700EF378D /* README.md */,
				15006E792C1D57070028075E /* XCodePracticeSwift */,
				15006E782C1D57070028075E /* Products */,
			);
			sourceTree = "<group>";
		};
		15006E782C1D57070028075E /* Products */ = {
			isa = PBXGroup;
			children = (
				15006E772C1D57070028075E /* XCodePracticeSwift */,
			);
			name = Products;
			sourceTree = "<group>";
		};
		15006E792C1D57070028075E /* XCodePracticeSwift */ = {
			isa = PBXGroup;
			children = (
				158184C92C1D575600EF378D /* Leetcode */,
				15006E7A2C1D57070028075E /* main.swift */,
			);
			path = XCodePracticeSwift;
			sourceTree = "<group>";
		};
		150E80122C1EBD2100B815DC /* List */ = {
			isa = PBXGroup;
			children = (
				150E80132C1EBD2D00B815DC /* ListNode.swift */,
			);
			path = List;
			sourceTree = "<group>";
		};
		1526694F2C1FB9D300942D93 /* Dynamic */ = {
			isa = PBXGroup;
			children = (
				152669502C1FB9ED00942D93 /* ClimbingStairs.swift */,
			);
			path = Dynamic;
			sourceTree = "<group>";
		};
		152669522C1FC0B700942D93 /* LinkedList */ = {
			isa = PBXGroup;
			children = (
				152669532C1FC0D600942D93 /* ReserveLinkedList.swift */,
			);
			path = LinkedList;
			sourceTree = "<group>";
		};
		156834932C1EDE2700F0186A /* Binary */ = {
			isa = PBXGroup;
			children = (
				156834942C1EDE4300F0186A /* SumOfTwoIntegers.swift */,
			);
			path = Binary;
			sourceTree = "<group>";
		};
		158184C92C1D575600EF378D /* Leetcode */ = {
			isa = PBXGroup;
			children = (
				152669522C1FC0B700942D93 /* LinkedList */,
				1526694F2C1FB9D300942D93 /* Dynamic */,
				158184CA2C1D576600EF378D /* Arrays */,
				156834932C1EDE2700F0186A /* Binary */,
				15FD268C2C1EADE800AAC39D /* Heap */,
				150E80122C1EBD2100B815DC /* List */,
				158184CD2C1D7CD800EF378D /* Strings */,
			);
			path = Leetcode;
			sourceTree = "<group>";
		};
		158184CA2C1D576600EF378D /* Arrays */ = {
			isa = PBXGroup;
			children = (
				158184CB2C1D57D500EF378D /* SplitArrayLargestSum.swift */,
			);
			path = Arrays;
			sourceTree = "<group>";
		};
		158184CD2C1D7CD800EF378D /* Strings */ = {
			isa = PBXGroup;
			children = (
				158184CE2C1D7D6B00EF378D /* StringToIntegerAtoI.swift */,
			);
			path = Strings;
			sourceTree = "<group>";
		};
		15FD268C2C1EADE800AAC39D /* Heap */ = {
			isa = PBXGroup;
			children = (
				15FD268D2C1EAE2A00AAC39D /* MergeKSortedLists.swift */,
			);
			path = Heap;
			sourceTree = "<group>";
		};
/* End PBXGroup section */

/* Begin PBXNativeTarget section */
		15006E762C1D57070028075E /* XCodePracticeSwift */ = {
			isa = PBXNativeTarget;
			buildConfigurationList = 15006E7E2C1D57070028075E /* Build configuration list for PBXNativeTarget "XCodePracticeSwift" */;
			buildPhases = (
				15006E732C1D57070028075E /* Sources */,
				15006E742C1D57070028075E /* Frameworks */,
				15006E752C1D57070028075E /* CopyFiles */,
			);
			buildRules = (
			);
			dependencies = (
			);
			name = XCodePracticeSwift;
			productName = XCodePracticeSwift;
			productReference = 15006E772C1D57070028075E /* XCodePracticeSwift */;
			productType = "com.apple.product-type.tool";
		};
/* End PBXNativeTarget section */

/* Begin PBXProject section */
		15006E6F2C1D57070028075E /* Project object */ = {
			isa = PBXProject;
			attributes = {
				BuildIndependentTargetsInParallel = 1;
				LastSwiftUpdateCheck = 1500;
				LastUpgradeCheck = 1500;
				TargetAttributes = {
					15006E762C1D57070028075E = {
						CreatedOnToolsVersion = 15.0.1;
					};
				};
			};
			buildConfigurationList = 15006E722C1D57070028075E /* Build configuration list for PBXProject "XCodePracticeSwift" */;
			compatibilityVersion = "Xcode 14.0";
			developmentRegion = en;
			hasScannedForEncodings = 0;
			knownRegions = (
				en,
				Base,
			);
			mainGroup = 15006E6E2C1D57070028075E;
			productRefGroup = 15006E782C1D57070028075E /* Products */;
			projectDirPath = "";
			projectRoot = "";
			targets = (
				15006E762C1D57070028075E /* XCodePracticeSwift */,
			);
		};
/* End PBXProject section */

/* Begin PBXSourcesBuildPhase section */
		15006E732C1D57070028075E /* Sources */ = {
			isa = PBXSourcesBuildPhase;
			buildActionMask = 2147483647;
			files = (
				15006E7B2C1D57070028075E /* main.swift in Sources */,
				152669542C1FC0D600942D93 /* ReserveLinkedList.swift in Sources */,
				150E80142C1EBD2D00B815DC /* ListNode.swift in Sources */,
				152669512C1FB9ED00942D93 /* ClimbingStairs.swift in Sources */,
				156834952C1EDE4300F0186A /* SumOfTwoIntegers.swift in Sources */,
				15FD268E2C1EAE2A00AAC39D /* MergeKSortedLists.swift in Sources */,
				158184CF2C1D7D6B00EF378D /* StringToIntegerAtoI.swift in Sources */,
				158184CC2C1D57D500EF378D /* SplitArrayLargestSum.swift in Sources */,
			);
			runOnlyForDeploymentPostprocessing = 0;
		};
/* End PBXSourcesBuildPhase section */

/* Begin XCBuildConfiguration section */
		15006E7C2C1D57070028075E /* Debug */ = {
			isa = XCBuildConfiguration;
			buildSettings = {
				ALWAYS_SEARCH_USER_PATHS = NO;
				ASSETCATALOG_COMPILER_GENERATE_SWIFT_ASSET_SYMBOL_EXTENSIONS = YES;
				CLANG_ANALYZER_NONNULL = YES;
				CLANG_ANALYZER_NUMBER_OBJECT_CONVERSION = YES_AGGRESSIVE;
				CLANG_CXX_LANGUAGE_STANDARD = "gnu++20";
				CLANG_ENABLE_MODULES = YES;
				CLANG_ENABLE_OBJC_ARC = YES;
				CLANG_ENABLE_OBJC_WEAK = YES;
				CLANG_WARN_BLOCK_CAPTURE_AUTORELEASING = YES;
				CLANG_WARN_BOOL_CONVERSION = YES;
				CLANG_WARN_COMMA = YES;
				CLANG_WARN_CONSTANT_CONVERSION = YES;
				CLANG_WARN_DEPRECATED_OBJC_IMPLEMENTATIONS = YES;
				CLANG_WARN_DIRECT_OBJC_ISA_USAGE = YES_ERROR;
				CLANG_WARN_DOCUMENTATION_COMMENTS = YES;
				CLANG_WARN_EMPTY_BODY = YES;
				CLANG_WARN_ENUM_CONVERSION = YES;
				CLANG_WARN_INFINITE_RECURSION = YES;
				CLANG_WARN_INT_CONVERSION = YES;
				CLANG_WARN_NON_LITERAL_NULL_CONVERSION = YES;
				CLANG_WARN_OBJC_IMPLICIT_RETAIN_SELF = YES;
				CLANG_WARN_OBJC_LITERAL_CONVERSION = YES;
				CLANG_WARN_OBJC_ROOT_CLASS = YES_ERROR;
				CLANG_WARN_QUOTED_INCLUDE_IN_FRAMEWORK_HEADER = YES;
				CLANG_WARN_RANGE_LOOP_ANALYSIS = YES;
				CLANG_WARN_STRICT_PROTOTYPES = YES;
				CLANG_WARN_SUSPICIOUS_MOVE = YES;
				CLANG_WARN_UNGUARDED_AVAILABILITY = YES_AGGRESSIVE;
				CLANG_WARN_UNREACHABLE_CODE = YES;
				CLANG_WARN__DUPLICATE_METHOD_MATCH = YES;
				COPY_PHASE_STRIP = NO;
				DEBUG_INFORMATION_FORMAT = dwarf;
				ENABLE_STRICT_OBJC_MSGSEND = YES;
				ENABLE_TESTABILITY = YES;
				ENABLE_USER_SCRIPT_SANDBOXING = YES;
				GCC_C_LANGUAGE_STANDARD = gnu17;
				GCC_DYNAMIC_NO_PIC = NO;
				GCC_NO_COMMON_BLOCKS = YES;
				GCC_OPTIMIZATION_LEVEL = 0;
				GCC_PREPROCESSOR_DEFINITIONS = (
					"DEBUG=1",
					"$(inherited)",
				);
				GCC_WARN_64_TO_32_BIT_CONVERSION = YES;
				GCC_WARN_ABOUT_RETURN_TYPE = YES_ERROR;
				GCC_WARN_UNDECLARED_SELECTOR = YES;
				GCC_WARN_UNINITIALIZED_AUTOS = YES_AGGRESSIVE;
				GCC_WARN_UNUSED_FUNCTION = YES;
				GCC_WARN_UNUSED_VARIABLE = YES;
				LOCALIZATION_PREFERS_STRING_CATALOGS = YES;
				MACOSX_DEPLOYMENT_TARGET = 14.0;
				MTL_ENABLE_DEBUG_INFO = INCLUDE_SOURCE;
				MTL_FAST_MATH = YES;
				ONLY_ACTIVE_ARCH = YES;
				SDKROOT = macosx;
				SWIFT_ACTIVE_COMPILATION_CONDITIONS = "DEBUG $(inherited)";
				SWIFT_OPTIMIZATION_LEVEL = "-Onone";
			};
			name = Debug;
		};
		15006E7D2C1D57070028075E /* Release */ = {
			isa = XCBuildConfiguration;
			buildSettings = {
				ALWAYS_SEARCH_USER_PATHS = NO;
				ASSETCATALOG_COMPILER_GENERATE_SWIFT_ASSET_SYMBOL_EXTENSIONS = YES;
				CLANG_ANALYZER_NONNULL = YES;
				CLANG_ANALYZER_NUMBER_OBJECT_CONVERSION = YES_AGGRESSIVE;
				CLANG_CXX_LANGUAGE_STANDARD = "gnu++20";
				CLANG_ENABLE_MODULES = YES;
				CLANG_ENABLE_OBJC_ARC = YES;
				CLANG_ENABLE_OBJC_WEAK = YES;
				CLANG_WARN_BLOCK_CAPTURE_AUTORELEASING = YES;
				CLANG_WARN_BOOL_CONVERSION = YES;
				CLANG_WARN_COMMA = YES;
				CLANG_WARN_CONSTANT_CONVERSION = YES;
				CLANG_WARN_DEPRECATED_OBJC_IMPLEMENTATIONS = YES;
				CLANG_WARN_DIRECT_OBJC_ISA_USAGE = YES_ERROR;
				CLANG_WARN_DOCUMENTATION_COMMENTS = YES;
				CLANG_WARN_EMPTY_BODY = YES;
				CLANG_WARN_ENUM_CONVERSION = YES;
				CLANG_WARN_INFINITE_RECURSION = YES;
				CLANG_WARN_INT_CONVERSION = YES;
				CLANG_WARN_NON_LITERAL_NULL_CONVERSION = YES;
				CLANG_WARN_OBJC_IMPLICIT_RETAIN_SELF = YES;
				CLANG_WARN_OBJC_LITERAL_CONVERSION = YES;
				CLANG_WARN_OBJC_ROOT_CLASS = YES_ERROR;
				CLANG_WARN_QUOTED_INCLUDE_IN_FRAMEWORK_HEADER = YES;
				CLANG_WARN_RANGE_LOOP_ANALYSIS = YES;
				CLANG_WARN_STRICT_PROTOTYPES = YES;
				CLANG_WARN_SUSPICIOUS_MOVE = YES;
				CLANG_WARN_UNGUARDED_AVAILABILITY = YES_AGGRESSIVE;
				CLANG_WARN_UNREACHABLE_CODE = YES;
				CLANG_WARN__DUPLICATE_METHOD_MATCH = YES;
				COPY_PHASE_STRIP = NO;
				DEBUG_INFORMATION_FORMAT = "dwarf-with-dsym";
				ENABLE_NS_ASSERTIONS = NO;
				ENABLE_STRICT_OBJC_MSGSEND = YES;
				ENABLE_USER_SCRIPT_SANDBOXING = YES;
				GCC_C_LANGUAGE_STANDARD = gnu17;
				GCC_NO_COMMON_BLOCKS = YES;
				GCC_WARN_64_TO_32_BIT_CONVERSION = YES;
				GCC_WARN_ABOUT_RETURN_TYPE = YES_ERROR;
				GCC_WARN_UNDECLARED_SELECTOR = YES;
				GCC_WARN_UNINITIALIZED_AUTOS = YES_AGGRESSIVE;
				GCC_WARN_UNUSED_FUNCTION = YES;
				GCC_WARN_UNUSED_VARIABLE = YES;
				LOCALIZATION_PREFERS_STRING_CATALOGS = YES;
				MACOSX_DEPLOYMENT_TARGET = 14.0;
				MTL_ENABLE_DEBUG_INFO = NO;
				MTL_FAST_MATH = YES;
				SDKROOT = macosx;
				SWIFT_COMPILATION_MODE = wholemodule;
			};
			name = Release;
		};
		15006E7F2C1D57070028075E /* Debug */ = {
			isa = XCBuildConfiguration;
			buildSettings = {
				CODE_SIGN_STYLE = Automatic;
				DEVELOPMENT_TEAM = Y86Y58JCK5;
				ENABLE_HARDENED_RUNTIME = YES;
				PRODUCT_NAME = "$(TARGET_NAME)";
				SWIFT_VERSION = 5.0;
			};
			name = Debug;
		};
		15006E802C1D57070028075E /* Release */ = {
			isa = XCBuildConfiguration;
			buildSettings = {
				CODE_SIGN_STYLE = Automatic;
				DEVELOPMENT_TEAM = Y86Y58JCK5;
				ENABLE_HARDENED_RUNTIME = YES;
				PRODUCT_NAME = "$(TARGET_NAME)";
				SWIFT_VERSION = 5.0;
			};
			name = Release;
		};
/* End XCBuildConfiguration section */

/* Begin XCConfigurationList section */
		15006E722C1D57070028075E /* Build configuration list for PBXProject "XCodePracticeSwift" */ = {
			isa = XCConfigurationList;
			buildConfigurations = (
				15006E7C2C1D57070028075E /* Debug */,
				15006E7D2C1D57070028075E /* Release */,
			);
			defaultConfigurationIsVisible = 0;
			defaultConfigurationName = Release;
		};
		15006E7E2C1D57070028075E /* Build configuration list for PBXNativeTarget "XCodePracticeSwift" */ = {
			isa = XCConfigurationList;
			buildConfigurations = (
				15006E7F2C1D57070028075E /* Debug */,
				15006E802C1D57070028075E /* Release */,
			);
			defaultConfigurationIsVisible = 0;
			defaultConfigurationName = Release;
		};
/* End XCConfigurationList section */
	};
	rootObject = 15006E6F2C1D57070028075E /* Project object */;
}
